Microsoft Visual Studio Solution File, Format Version 11.00
# Visual Studio 2008

Project("{27F33F25-E3C2-1AEA-6B41-26DA5BE943B9}") = "MyAlienEncounter", "Assembly-CSharp.csproj", "{8B20E5CE-DDE4-B710-D612-50082D47F865}"
EndProject
Global
	GlobalSection(SolutionConfigurationPlatforms) = preSolution
		Debug|Any CPU = Debug|Any CPU
		Release|Any CPU = Release|Any CPU
	EndGlobalSection
	GlobalSection(ProjectConfigurationPlatforms) = postSolution
		{8B20E5CE-DDE4-B710-D612-50082D47F865}.Debug|Any CPU.ActiveCfg = Debug|Any CPU
		{8B20E5CE-DDE4-B710-D612-50082D47F865}.Debug|Any CPU.Build.0 = Debug|Any CPU
		{8B20E5CE-DDE4-B710-D612-50082D47F865}.Release|Any CPU.ActiveCfg = Release|Any CPU
		{8B20E5CE-DDE4-B710-D612-50082D47F865}.Release|Any CPU.Build.0 = Release|Any CPU
	EndGlobalSection
	GlobalSection(SolutionProperties) = preSolution
		HideSolutionNode = FALSE
	EndGlobalSection
	GlobalSection(MonoDevelopProperties) = preSolution
		StartupItem = Assembly-CSharp.csproj
	EndGlobalSection
EndGlobal
